
Microsoft Visual Studio Solution File, Format Version 12.00
# Visual Studio Version 17
VisualStudioVersion = 17.6.33723.286
MinimumVisualStudioVersion = 10.0.40219.1
Project("{FAE04EC0-301F-11D3-BF4B-00C04F79EFBC}") = "Poke-Web", "Poke-Web.csproj", "{9BB4B1C1-1BDA-4E0B-9943-91D3C3B33CAF}"
EndProject
Project("{2150E333-8FDC-42A3-9474-1A3956D46DE8}") = "Elementos de la solución", "Elementos de la solución", "{222C9868-1B1A-4413-A2C6-C97BE3B2D73B}"
EndProject
Project("{FAE04EC0-301F-11D3-BF4B-00C04F79EFBC}") = "Dominio", "Dominio\Dominio.csproj", "{1A238527-4185-4BCE-BB78-90435F521D86}"
EndProject
Project("{FAE04EC0-301F-11D3-BF4B-00C04F79EFBC}") = "Negocio", "Negocio\Negocio.csproj", "{9A6E3C70-7722-48B0-8C03-E7DA8996EC14}"
EndProject
Global
	GlobalSection(SolutionConfigurationPlatforms) = preSolution
		Debug|Any CPU = Debug|Any CPU
		Release|Any CPU = Release|Any CPU
	EndGlobalSection
	GlobalSection(ProjectConfigurationPlatforms) = postSolution
		{9BB4B1C1-1BDA-4E0B-9943-91D3C3B33CAF}.Debug|Any CPU.ActiveCfg = Debug|Any CPU
		{9BB4B1C1-1BDA-4E0B-9943-91D3C3B33CAF}.Debug|Any CPU.Build.0 = Debug|Any CPU
		{9BB4B1C1-1BDA-4E0B-9943-91D3C3B33CAF}.Release|Any CPU.ActiveCfg = Release|Any CPU
		{9BB4B1C1-1BDA-4E0B-9943-91D3C3B33CAF}.Release|Any CPU.Build.0 = Release|Any CPU
		{1A238527-4185-4BCE-BB78-90435F521D86}.Debug|Any CPU.ActiveCfg = Debug|Any CPU
		{1A238527-4185-4BCE-BB78-90435F521D86}.Debug|Any CPU.Build.0 = Debug|Any CPU
		{1A238527-4185-4BCE-BB78-90435F521D86}.Release|Any CPU.ActiveCfg = Release|Any CPU
		{1A238527-4185-4BCE-BB78-90435F521D86}.Release|Any CPU.Build.0 = Release|Any CPU
		{9A6E3C70-7722-48B0-8C03-E7DA8996EC14}.Debug|Any CPU.ActiveCfg = Debug|Any CPU
		{9A6E3C70-7722-48B0-8C03-E7DA8996EC14}.Debug|Any CPU.Build.0 = Debug|Any CPU
		{9A6E3C70-7722-48B0-8C03-E7DA8996EC14}.Release|Any CPU.ActiveCfg = Release|Any CPU
		{9A6E3C70-7722-48B0-8C03-E7DA8996EC14}.Release|Any CPU.Build.0 = Release|Any CPU
	EndGlobalSection
	GlobalSection(SolutionProperties) = preSolution
		HideSolutionNode = FALSE
	EndGlobalSection
	GlobalSection(ExtensibilityGlobals) = postSolution
		SolutionGuid = {B5B01B8C-66D9-41E5-AFB8-BEE26A36EA03}
	EndGlobalSection
EndGlobal
